// !$*UTF8*$!
{
	archiveVersion = 1;
	classes = {
	};
	objectVersion = 63;
	objects = {

/* Begin PBXBuildFile section */
		0D0E535C2BE3C5CB00F44199 /* CirlceImage.swift in Sources */ = {isa = PBXBuildFile; fileRef = 0D0E534D2BE3C5CB00F44199 /* CirlceImage.swift */; };
		0D0E535D2BE3C5CB00F44199 /* CitiesList.swift in Sources */ = {isa = PBXBuildFile; fileRef = 0D0E534E2BE3C5CB00F44199 /* CitiesList.swift */; };
		0D0E535E2BE3C5CB00F44199 /* CitiesRow.swift in Sources */ = {isa = PBXBuildFile; fileRef = 0D0E534F2BE3C5CB00F44199 /* CitiesRow.swift */; };
		0D0E53602BE3C5CB00F44199 /* MapView.swift in Sources */ = {isa = PBXBuildFile; fileRef = 0D0E53512BE3C5CB00F44199 /* MapView.swift */; };
		0D0E53612BE3C5CB00F44199 /* WeatherView.swift in Sources */ = {isa = PBXBuildFile; fileRef = 0D0E53522BE3C5CB00F44199 /* WeatherView.swift */; };
		0D0E53622BE3C5CB00F44199 /* Preview Assets.xcassets in Resources */ = {isa = PBXBuildFile; fileRef = 0D0E53542BE3C5CB00F44199 /* Preview Assets.xcassets */; };
		0D0E53632BE3C5CB00F44199 /* cityData.json in Resources */ = {isa = PBXBuildFile; fileRef = 0D0E53562BE3C5CB00F44199 /* cityData.json */; };
		0D0E53642BE3C5CB00F44199 /* City.swift in Sources */ = {isa = PBXBuildFile; fileRef = 0D0E53582BE3C5CB00F44199 /* City.swift */; };
		0D0E53652BE3C5CB00F44199 /* ModelData.swift in Sources */ = {isa = PBXBuildFile; fileRef = 0D0E53592BE3C5CB00F44199 /* ModelData.swift */; };
		0D0E53682BE3C64800F44199 /* ProjectPogoda.swift in Sources */ = {isa = PBXBuildFile; fileRef = 0D0E53672BE3C64800F44199 /* ProjectPogoda.swift */; };
		0D0E536A2BE3CA7F00F44199 /* Media.xcassets in Resources */ = {isa = PBXBuildFile; fileRef = 0D0E53692BE3CA7F00F44199 /* Media.xcassets */; };
		0D863A252BE662CE0023286D /* WeatherDetailsView.swift in Sources */ = {isa = PBXBuildFile; fileRef = 0D863A242BE662CE0023286D /* WeatherDetailsView.swift */; };
		0D863A272BE6674C0023286D /* WeatherFetcher.swift in Sources */ = {isa = PBXBuildFile; fileRef = 0D863A262BE6674C0023286D /* WeatherFetcher.swift */; };
		0DA1ABDD2BE560C200FA43A4 /* Keys.xcconfig in Resources */ = {isa = PBXBuildFile; fileRef = 0DA1ABDC2BE560C200FA43A4 /* Keys.xcconfig */; };
		0DA1ABDE2BE560C200FA43A4 /* Keys.xcconfig in Resources */ = {isa = PBXBuildFile; fileRef = 0DA1ABDC2BE560C200FA43A4 /* Keys.xcconfig */; };
		0DA1ABDF2BE560C200FA43A4 /* Keys.xcconfig in Resources */ = {isa = PBXBuildFile; fileRef = 0DA1ABDC2BE560C200FA43A4 /* Keys.xcconfig */; };
		0DA1ABE22BE5638700FA43A4 /* Environment.swift in Sources */ = {isa = PBXBuildFile; fileRef = 0DA1ABE12BE5638700FA43A4 /* Environment.swift */; };
		0DA1ABE42BE5682D00FA43A4 /* Api.swift in Sources */ = {isa = PBXBuildFile; fileRef = 0DA1ABE32BE5682D00FA43A4 /* Api.swift */; };
		0DA1ABE62BE5689300FA43A4 /* .gitignore in Resources */ = {isa = PBXBuildFile; fileRef = 0DA1ABE52BE5689300FA43A4 /* .gitignore */; };
		CE9F75922AEABD8D00F56AD1 /* Assets.xcassets in Resources */ = {isa = PBXBuildFile; fileRef = CE9F75912AEABD8D00F56AD1 /* Assets.xcassets */; };
		CE9F75952AEABD8D00F56AD1 /* Preview Assets.xcassets in Resources */ = {isa = PBXBuildFile; fileRef = CE9F75942AEABD8D00F56AD1 /* Preview Assets.xcassets */; };
		CE9F759F2AEABD8E00F56AD1 /* TestAppTests.swift in Sources */ = {isa = PBXBuildFile; fileRef = CE9F759E2AEABD8E00F56AD1 /* TestAppTests.swift */; };
		CE9F75A92AEABD8E00F56AD1 /* TestAppUITests.swift in Sources */ = {isa = PBXBuildFile; fileRef = CE9F75A82AEABD8E00F56AD1 /* TestAppUITests.swift */; };
		CE9F75AB2AEABD8E00F56AD1 /* TestAppUITestsLaunchTests.swift in Sources */ = {isa = PBXBuildFile; fileRef = CE9F75AA2AEABD8E00F56AD1 /* TestAppUITestsLaunchTests.swift */; };
/* End PBXBuildFile section */

/* Begin PBXContainerItemProxy section */
		CE9F759B2AEABD8E00F56AD1 /* PBXContainerItemProxy */ = {
			isa = PBXContainerItemProxy;
			containerPortal = CE9F75822AEABD8B00F56AD1 /* Project object */;
			proxyType = 1;
			remoteGlobalIDString = CE9F75892AEABD8C00F56AD1;
			remoteInfo = TestApp;
		};
		CE9F75A52AEABD8E00F56AD1 /* PBXContainerItemProxy */ = {
			isa = PBXContainerItemProxy;
			containerPortal = CE9F75822AEABD8B00F56AD1 /* Project object */;
			proxyType = 1;
			remoteGlobalIDString = CE9F75892AEABD8C00F56AD1;
			remoteInfo = TestApp;
		};
/* End PBXContainerItemProxy section */

/* Begin PBXFileReference section */
		0D0E534D2BE3C5CB00F44199 /* CirlceImage.swift */ = {isa = PBXFileReference; fileEncoding = 4; lastKnownFileType = sourcecode.swift; path = CirlceImage.swift; sourceTree = "<group>"; };
		0D0E534E2BE3C5CB00F44199 /* CitiesList.swift */ = {isa = PBXFileReference; fileEncoding = 4; lastKnownFileType = sourcecode.swift; path = CitiesList.swift; sourceTree = "<group>"; };
		0D0E534F2BE3C5CB00F44199 /* CitiesRow.swift */ = {isa = PBXFileReference; fileEncoding = 4; lastKnownFileType = sourcecode.swift; path = CitiesRow.swift; sourceTree = "<group>"; };
		0D0E53512BE3C5CB00F44199 /* MapView.swift */ = {isa = PBXFileReference; fileEncoding = 4; lastKnownFileType = sourcecode.swift; path = MapView.swift; sourceTree = "<group>"; };
		0D0E53522BE3C5CB00F44199 /* WeatherView.swift */ = {isa = PBXFileReference; fileEncoding = 4; lastKnownFileType = sourcecode.swift; path = WeatherView.swift; sourceTree = "<group>"; };
		0D0E53542BE3C5CB00F44199 /* Preview Assets.xcassets */ = {isa = PBXFileReference; lastKnownFileType = folder.assetcatalog; path = "Preview Assets.xcassets"; sourceTree = "<group>"; };
		0D0E53562BE3C5CB00F44199 /* cityData.json */ = {isa = PBXFileReference; fileEncoding = 4; lastKnownFileType = text.json; path = cityData.json; sourceTree = "<group>"; };
		0D0E53582BE3C5CB00F44199 /* City.swift */ = {isa = PBXFileReference; fileEncoding = 4; lastKnownFileType = sourcecode.swift; path = City.swift; sourceTree = "<group>"; };
		0D0E53592BE3C5CB00F44199 /* ModelData.swift */ = {isa = PBXFileReference; fileEncoding = 4; lastKnownFileType = sourcecode.swift; path = ModelData.swift; sourceTree = "<group>"; };
		0D0E53672BE3C64800F44199 /* ProjectPogoda.swift */ = {isa = PBXFileReference; lastKnownFileType = sourcecode.swift; path = ProjectPogoda.swift; sourceTree = "<group>"; };
		0D0E53692BE3CA7F00F44199 /* Media.xcassets */ = {isa = PBXFileReference; lastKnownFileType = folder.assetcatalog; path = Media.xcassets; sourceTree = "<group>"; };
		0D863A242BE662CE0023286D /* WeatherDetailsView.swift */ = {isa = PBXFileReference; lastKnownFileType = sourcecode.swift; path = WeatherDetailsView.swift; sourceTree = "<group>"; };
		0D863A262BE6674C0023286D /* WeatherFetcher.swift */ = {isa = PBXFileReference; lastKnownFileType = sourcecode.swift; path = WeatherFetcher.swift; sourceTree = "<group>"; };
		0DA1ABDC2BE560C200FA43A4 /* Keys.xcconfig */ = {isa = PBXFileReference; lastKnownFileType = text.xcconfig; path = Keys.xcconfig; sourceTree = "<group>"; };
		0DA1ABE02BE5624200FA43A4 /* Info.plist */ = {isa = PBXFileReference; lastKnownFileType = text.plist; path = Info.plist; sourceTree = "<group>"; };
		0DA1ABE12BE5638700FA43A4 /* Environment.swift */ = {isa = PBXFileReference; lastKnownFileType = sourcecode.swift; path = Environment.swift; sourceTree = "<group>"; };
		0DA1ABE32BE5682D00FA43A4 /* Api.swift */ = {isa = PBXFileReference; lastKnownFileType = sourcecode.swift; path = Api.swift; sourceTree = "<group>"; };
		0DA1ABE52BE5689300FA43A4 /* .gitignore */ = {isa = PBXFileReference; lastKnownFileType = text; path = .gitignore; sourceTree = "<group>"; };
		CE9F758A2AEABD8C00F56AD1 /* TestApp.app */ = {isa = PBXFileReference; explicitFileType = wrapper.application; includeInIndex = 0; path = TestApp.app; sourceTree = BUILT_PRODUCTS_DIR; };
		CE9F75912AEABD8D00F56AD1 /* Assets.xcassets */ = {isa = PBXFileReference; lastKnownFileType = folder.assetcatalog; path = Assets.xcassets; sourceTree = "<group>"; };
		CE9F75942AEABD8D00F56AD1 /* Preview Assets.xcassets */ = {isa = PBXFileReference; lastKnownFileType = folder.assetcatalog; path = "Preview Assets.xcassets"; sourceTree = "<group>"; };
		CE9F759A2AEABD8E00F56AD1 /* TestAppTests.xctest */ = {isa = PBXFileReference; explicitFileType = wrapper.cfbundle; includeInIndex = 0; path = TestAppTests.xctest; sourceTree = BUILT_PRODUCTS_DIR; };
		CE9F759E2AEABD8E00F56AD1 /* TestAppTests.swift */ = {isa = PBXFileReference; lastKnownFileType = sourcecode.swift; path = TestAppTests.swift; sourceTree = "<group>"; };
		CE9F75A42AEABD8E00F56AD1 /* TestAppUITests.xctest */ = {isa = PBXFileReference; explicitFileType = wrapper.cfbundle; includeInIndex = 0; path = TestAppUITests.xctest; sourceTree = BUILT_PRODUCTS_DIR; };
		CE9F75A82AEABD8E00F56AD1 /* TestAppUITests.swift */ = {isa = PBXFileReference; lastKnownFileType = sourcecode.swift; path = TestAppUITests.swift; sourceTree = "<group>"; };
		CE9F75AA2AEABD8E00F56AD1 /* TestAppUITestsLaunchTests.swift */ = {isa = PBXFileReference; lastKnownFileType = sourcecode.swift; path = TestAppUITestsLaunchTests.swift; sourceTree = "<group>"; };
/* End PBXFileReference section */

/* Begin PBXFrameworksBuildPhase section */
		CE9F75872AEABD8C00F56AD1 /* Frameworks */ = {
			isa = PBXFrameworksBuildPhase;
			buildActionMask = 2147483647;
			files = (
			);
			runOnlyForDeploymentPostprocessing = 0;
		};
		CE9F75972AEABD8E00F56AD1 /* Frameworks */ = {
			isa = PBXFrameworksBuildPhase;
			buildActionMask = 2147483647;
			files = (
			);
			runOnlyForDeploymentPostprocessing = 0;
		};
		CE9F75A12AEABD8E00F56AD1 /* Frameworks */ = {
			isa = PBXFrameworksBuildPhase;
			buildActionMask = 2147483647;
			files = (
			);
			runOnlyForDeploymentPostprocessing = 0;
		};
/* End PBXFrameworksBuildPhase section */

/* Begin PBXGroup section */
		0D0E53532BE3C5CB00F44199 /* Views */ = {
			isa = PBXGroup;
			children = (
				0D0E534D2BE3C5CB00F44199 /* CirlceImage.swift */,
				0D0E534E2BE3C5CB00F44199 /* CitiesList.swift */,
				0D0E534F2BE3C5CB00F44199 /* CitiesRow.swift */,
				0D0E53512BE3C5CB00F44199 /* MapView.swift */,
				0D0E53522BE3C5CB00F44199 /* WeatherView.swift */,
				0D863A242BE662CE0023286D /* WeatherDetailsView.swift */,
			);
			path = Views;
			sourceTree = "<group>";
		};
		0D0E53552BE3C5CB00F44199 /* Preview Content */ = {
			isa = PBXGroup;
			children = (
				0D0E53542BE3C5CB00F44199 /* Preview Assets.xcassets */,
			);
			path = "Preview Content";
			sourceTree = "<group>";
		};
		0D0E53572BE3C5CB00F44199 /* Resources */ = {
			isa = PBXGroup;
			children = (
				0D0E53562BE3C5CB00F44199 /* cityData.json */,
			);
			path = Resources;
			sourceTree = "<group>";
		};
		0D0E535A2BE3C5CB00F44199 /* Model */ = {
			isa = PBXGroup;
			children = (
				0D0E53582BE3C5CB00F44199 /* City.swift */,
				0D0E53592BE3C5CB00F44199 /* ModelData.swift */,
				0DA1ABE12BE5638700FA43A4 /* Environment.swift */,
				0DA1ABE32BE5682D00FA43A4 /* Api.swift */,
				0D863A262BE6674C0023286D /* WeatherFetcher.swift */,
			);
			path = Model;
			sourceTree = "<group>";
		};
		CE9F75812AEABD8B00F56AD1 = {
			isa = PBXGroup;
			children = (
				0DA1ABE52BE5689300FA43A4 /* .gitignore */,
				0DA1ABDC2BE560C200FA43A4 /* Keys.xcconfig */,
				0D0E53692BE3CA7F00F44199 /* Media.xcassets */,
				CE9F758C2AEABD8C00F56AD1 /* TestApp */,
				CE9F759D2AEABD8E00F56AD1 /* TestAppTests */,
				CE9F75A72AEABD8E00F56AD1 /* TestAppUITests */,
				CE9F758B2AEABD8C00F56AD1 /* Products */,
			);
			sourceTree = "<group>";
		};
		CE9F758B2AEABD8C00F56AD1 /* Products */ = {
			isa = PBXGroup;
			children = (
				CE9F758A2AEABD8C00F56AD1 /* TestApp.app */,
				CE9F759A2AEABD8E00F56AD1 /* TestAppTests.xctest */,
				CE9F75A42AEABD8E00F56AD1 /* TestAppUITests.xctest */,
			);
			name = Products;
			sourceTree = "<group>";
		};
		CE9F758C2AEABD8C00F56AD1 /* TestApp */ = {
			isa = PBXGroup;
			children = (
				0DA1ABE02BE5624200FA43A4 /* Info.plist */,
				0D0E535A2BE3C5CB00F44199 /* Model */,
				0D0E53552BE3C5CB00F44199 /* Preview Content */,
				0D0E53572BE3C5CB00F44199 /* Resources */,
				0D0E53532BE3C5CB00F44199 /* Views */,
				0D0E53672BE3C64800F44199 /* ProjectPogoda.swift */,
				CE9F75912AEABD8D00F56AD1 /* Assets.xcassets */,
				CE9F75932AEABD8D00F56AD1 /* Preview Content */,
			);
			path = TestApp;
			sourceTree = "<group>";
		};
		CE9F75932AEABD8D00F56AD1 /* Preview Content */ = {
			isa = PBXGroup;
			children = (
				CE9F75942AEABD8D00F56AD1 /* Preview Assets.xcassets */,
			);
			path = "Preview Content";
			sourceTree = "<group>";
		};
		CE9F759D2AEABD8E00F56AD1 /* TestAppTests */ = {
			isa = PBXGroup;
			children = (
				CE9F759E2AEABD8E00F56AD1 /* TestAppTests.swift */,
			);
			path = TestAppTests;
			sourceTree = "<group>";
		};
		CE9F75A72AEABD8E00F56AD1 /* TestAppUITests */ = {
			isa = PBXGroup;
			children = (
				CE9F75A82AEABD8E00F56AD1 /* TestAppUITests.swift */,
				CE9F75AA2AEABD8E00F56AD1 /* TestAppUITestsLaunchTests.swift */,
			);
			path = TestAppUITests;
			sourceTree = "<group>";
		};
/* End PBXGroup section */

/* Begin PBXNativeTarget section */
		CE9F75892AEABD8C00F56AD1 /* TestApp */ = {
			isa = PBXNativeTarget;
			buildConfigurationList = CE9F75AE2AEABD8E00F56AD1 /* Build configuration list for PBXNativeTarget "TestApp" */;
			buildPhases = (
				CE9F75862AEABD8C00F56AD1 /* Sources */,
				CE9F75872AEABD8C00F56AD1 /* Frameworks */,
				CE9F75882AEABD8C00F56AD1 /* Resources */,
			);
			buildRules = (
			);
			dependencies = (
			);
			name = TestApp;
			productName = TestApp;
			productReference = CE9F758A2AEABD8C00F56AD1 /* TestApp.app */;
			productType = "com.apple.product-type.application";
		};
		CE9F75992AEABD8E00F56AD1 /* TestAppTests */ = {
			isa = PBXNativeTarget;
			buildConfigurationList = CE9F75B12AEABD8E00F56AD1 /* Build configuration list for PBXNativeTarget "TestAppTests" */;
			buildPhases = (
				CE9F75962AEABD8E00F56AD1 /* Sources */,
				CE9F75972AEABD8E00F56AD1 /* Frameworks */,
				CE9F75982AEABD8E00F56AD1 /* Resources */,
			);
			buildRules = (
			);
			dependencies = (
				CE9F759C2AEABD8E00F56AD1 /* PBXTargetDependency */,
			);
			name = TestAppTests;
			productName = TestAppTests;
			productReference = CE9F759A2AEABD8E00F56AD1 /* TestAppTests.xctest */;
			productType = "com.apple.product-type.bundle.unit-test";
		};
		CE9F75A32AEABD8E00F56AD1 /* TestAppUITests */ = {
			isa = PBXNativeTarget;
			buildConfigurationList = CE9F75B42AEABD8E00F56AD1 /* Build configuration list for PBXNativeTarget "TestAppUITests" */;
			buildPhases = (
				CE9F75A02AEABD8E00F56AD1 /* Sources */,
				CE9F75A12AEABD8E00F56AD1 /* Frameworks */,
				CE9F75A22AEABD8E00F56AD1 /* Resources */,
			);
			buildRules = (
			);
			dependencies = (
				CE9F75A62AEABD8E00F56AD1 /* PBXTargetDependency */,
			);
			name = TestAppUITests;
			productName = TestAppUITests;
			productReference = CE9F75A42AEABD8E00F56AD1 /* TestAppUITests.xctest */;
			productType = "com.apple.product-type.bundle.ui-testing";
		};
/* End PBXNativeTarget section */

/* Begin PBXProject section */
		CE9F75822AEABD8B00F56AD1 /* Project object */ = {
			isa = PBXProject;
			attributes = {
				BuildIndependentTargetsInParallel = 1;
				LastSwiftUpdateCheck = 1500;
				LastUpgradeCheck = 1500;
				TargetAttributes = {
					CE9F75892AEABD8C00F56AD1 = {
						CreatedOnToolsVersion = 15.0.1;
					};
					CE9F75992AEABD8E00F56AD1 = {
						CreatedOnToolsVersion = 15.0.1;
						TestTargetID = CE9F75892AEABD8C00F56AD1;
					};
					CE9F75A32AEABD8E00F56AD1 = {
						CreatedOnToolsVersion = 15.0.1;
						TestTargetID = CE9F75892AEABD8C00F56AD1;
					};
				};
			};
			buildConfigurationList = CE9F75852AEABD8B00F56AD1 /* Build configuration list for PBXProject "TestApp" */;
			compatibilityVersion = "Xcode 15.3";
			developmentRegion = en;
			hasScannedForEncodings = 0;
			knownRegions = (
				en,
				Base,
			);
			mainGroup = CE9F75812AEABD8B00F56AD1;
			productRefGroup = CE9F758B2AEABD8C00F56AD1 /* Products */;
			projectDirPath = "";
			projectRoot = "";
			targets = (
				CE9F75892AEABD8C00F56AD1 /* TestApp */,
				CE9F75992AEABD8E00F56AD1 /* TestAppTests */,
				CE9F75A32AEABD8E00F56AD1 /* TestAppUITests */,
			);
		};
/* End PBXProject section */

/* Begin PBXResourcesBuildPhase section */
		CE9F75882AEABD8C00F56AD1 /* Resources */ = {
			isa = PBXResourcesBuildPhase;
			buildActionMask = 2147483647;
			files = (
				0D0E536A2BE3CA7F00F44199 /* Media.xcassets in Resources */,
				0DA1ABE62BE5689300FA43A4 /* .gitignore in Resources */,
				0D0E53632BE3C5CB00F44199 /* cityData.json in Resources */,
				0DA1ABDD2BE560C200FA43A4 /* Keys.xcconfig in Resources */,
				CE9F75952AEABD8D00F56AD1 /* Preview Assets.xcassets in Resources */,
				0D0E53622BE3C5CB00F44199 /* Preview Assets.xcassets in Resources */,
				CE9F75922AEABD8D00F56AD1 /* Assets.xcassets in Resources */,
			);
			runOnlyForDeploymentPostprocessing = 0;
		};
		CE9F75982AEABD8E00F56AD1 /* Resources */ = {
			isa = PBXResourcesBuildPhase;
			buildActionMask = 2147483647;
			files = (
				0DA1ABDE2BE560C200FA43A4 /* Keys.xcconfig in Resources */,
			);
			runOnlyForDeploymentPostprocessing = 0;
		};
		CE9F75A22AEABD8E00F56AD1 /* Resources */ = {
			isa = PBXResourcesBuildPhase;
			buildActionMask = 2147483647;
			files = (
				0DA1ABDF2BE560C200FA43A4 /* Keys.xcconfig in Resources */,
			);
			runOnlyForDeploymentPostprocessing = 0;
		};
/* End PBXResourcesBuildPhase section */

/* Begin PBXSourcesBuildPhase section */
		CE9F75862AEABD8C00F56AD1 /* Sources */ = {
			isa = PBXSourcesBuildPhase;
			buildActionMask = 2147483647;
			files = (
				0D863A272BE6674C0023286D /* WeatherFetcher.swift in Sources */,
				0D0E53602BE3C5CB00F44199 /* MapView.swift in Sources */,
				0D0E535D2BE3C5CB00F44199 /* CitiesList.swift in Sources */,
				0D0E53642BE3C5CB00F44199 /* City.swift in Sources */,
				0D0E53682BE3C64800F44199 /* ProjectPogoda.swift in Sources */,
				0DA1ABE22BE5638700FA43A4 /* Environment.swift in Sources */,
				0D863A252BE662CE0023286D /* WeatherDetailsView.swift in Sources */,
				0D0E535C2BE3C5CB00F44199 /* CirlceImage.swift in Sources */,
				0D0E53652BE3C5CB00F44199 /* ModelData.swift in Sources */,
				0D0E535E2BE3C5CB00F44199 /* CitiesRow.swift in Sources */,
				0DA1ABE42BE5682D00FA43A4 /* Api.swift in Sources */,
				0D0E53612BE3C5CB00F44199 /* WeatherView.swift in Sources */,
			);
			runOnlyForDeploymentPostprocessing = 0;
		};
		CE9F75962AEABD8E00F56AD1 /* Sources */ = {
			isa = PBXSourcesBuildPhase;
			buildActionMask = 2147483647;
			files = (
				CE9F759F2AEABD8E00F56AD1 /* TestAppTests.swift in Sources */,
			);
			runOnlyForDeploymentPostprocessing = 0;
		};
		CE9F75A02AEABD8E00F56AD1 /* Sources */ = {
			isa = PBXSourcesBuildPhase;
			buildActionMask = 2147483647;
			files = (
				CE9F75AB2AEABD8E00F56AD1 /* TestAppUITestsLaunchTests.swift in Sources */,
				CE9F75A92AEABD8E00F56AD1 /* TestAppUITests.swift in Sources */,
			);
			runOnlyForDeploymentPostprocessing = 0;
		};
/* End PBXSourcesBuildPhase section */

/* Begin PBXTargetDependency section */
		CE9F759C2AEABD8E00F56AD1 /* PBXTargetDependency */ = {
			isa = PBXTargetDependency;
			target = CE9F75892AEABD8C00F56AD1 /* TestApp */;
			targetProxy = CE9F759B2AEABD8E00F56AD1 /* PBXContainerItemProxy */;
		};
		CE9F75A62AEABD8E00F56AD1 /* PBXTargetDependency */ = {
			isa = PBXTargetDependency;
			target = CE9F75892AEABD8C00F56AD1 /* TestApp */;
			targetProxy = CE9F75A52AEABD8E00F56AD1 /* PBXContainerItemProxy */;
		};
/* End PBXTargetDependency section */

/* Begin XCBuildConfiguration section */
		CE9F75AC2AEABD8E00F56AD1 /* Debug */ = {
			isa = XCBuildConfiguration;
			baseConfigurationReference = 0DA1ABDC2BE560C200FA43A4 /* Keys.xcconfig */;
			buildSettings = {
				ALWAYS_SEARCH_USER_PATHS = NO;
				ASSETCATALOG_COMPILER_GENERATE_SWIFT_ASSET_SYMBOL_EXTENSIONS = YES;
				CLANG_ANALYZER_NONNULL = YES;
				CLANG_ANALYZER_NUMBER_OBJECT_CONVERSION = YES_AGGRESSIVE;
				CLANG_CXX_LANGUAGE_STANDARD = "gnu++20";
				CLANG_ENABLE_MODULES = YES;
				CLANG_ENABLE_OBJC_ARC = YES;
				CLANG_ENABLE_OBJC_WEAK = YES;
				CLANG_WARN_BLOCK_CAPTURE_AUTORELEASING = YES;
				CLANG_WARN_BOOL_CONVERSION = YES;
				CLANG_WARN_COMMA = YES;
				CLANG_WARN_CONSTANT_CONVERSION = YES;
				CLANG_WARN_DEPRECATED_OBJC_IMPLEMENTATIONS = YES;
				CLANG_WARN_DIRECT_OBJC_ISA_USAGE = YES_ERROR;
				CLANG_WARN_DOCUMENTATION_COMMENTS = YES;
				CLANG_WARN_EMPTY_BODY = YES;
				CLANG_WARN_ENUM_CONVERSION = YES;
				CLANG_WARN_INFINITE_RECURSION = YES;
				CLANG_WARN_INT_CONVERSION = YES;
				CLANG_WARN_NON_LITERAL_NULL_CONVERSION = YES;
				CLANG_WARN_OBJC_IMPLICIT_RETAIN_SELF = YES;
				CLANG_WARN_OBJC_LITERAL_CONVERSION = YES;
				CLANG_WARN_OBJC_ROOT_CLASS = YES_ERROR;
				CLANG_WARN_QUOTED_INCLUDE_IN_FRAMEWORK_HEADER = YES;
				CLANG_WARN_RANGE_LOOP_ANALYSIS = YES;
				CLANG_WARN_STRICT_PROTOTYPES = YES;
				CLANG_WARN_SUSPICIOUS_MOVE = YES;
				CLANG_WARN_UNGUARDED_AVAILABILITY = YES_AGGRESSIVE;
				CLANG_WARN_UNREACHABLE_CODE = YES;
				CLANG_WARN__DUPLICATE_METHOD_MATCH = YES;
				COPY_PHASE_STRIP = NO;
				DEBUG_INFORMATION_FORMAT = dwarf;
				ENABLE_STRICT_OBJC_MSGSEND = YES;
				ENABLE_TESTABILITY = YES;
				ENABLE_USER_SCRIPT_SANDBOXING = YES;
				GCC_C_LANGUAGE_STANDARD = gnu17;
				GCC_DYNAMIC_NO_PIC = NO;
				GCC_NO_COMMON_BLOCKS = YES;
				GCC_OPTIMIZATION_LEVEL = 0;
				GCC_PREPROCESSOR_DEFINITIONS = (
					"DEBUG=1",
					"$(inherited)",
				);
				GCC_WARN_64_TO_32_BIT_CONVERSION = YES;
				GCC_WARN_ABOUT_RETURN_TYPE = YES_ERROR;
				GCC_WARN_UNDECLARED_SELECTOR = YES;
				GCC_WARN_UNINITIALIZED_AUTOS = YES_AGGRESSIVE;
				GCC_WARN_UNUSED_FUNCTION = YES;
				GCC_WARN_UNUSED_VARIABLE = YES;
				IPHONEOS_DEPLOYMENT_TARGET = 17.0;
				LOCALIZATION_PREFERS_STRING_CATALOGS = YES;
				MTL_ENABLE_DEBUG_INFO = INCLUDE_SOURCE;
				MTL_FAST_MATH = YES;
				ONLY_ACTIVE_ARCH = YES;
				SDKROOT = iphoneos;
				SWIFT_ACTIVE_COMPILATION_CONDITIONS = "DEBUG $(inherited)";
				SWIFT_OPTIMIZATION_LEVEL = "-Onone";
			};
			name = Debug;
		};
		CE9F75AD2AEABD8E00F56AD1 /* Release */ = {
			isa = XCBuildConfiguration;
			baseConfigurationReference = 0DA1ABDC2BE560C200FA43A4 /* Keys.xcconfig */;
			buildSettings = {
				ALWAYS_SEARCH_USER_PATHS = NO;
				ASSETCATALOG_COMPILER_GENERATE_SWIFT_ASSET_SYMBOL_EXTENSIONS = YES;
				CLANG_ANALYZER_NONNULL = YES;
				CLANG_ANALYZER_NUMBER_OBJECT_CONVERSION = YES_AGGRESSIVE;
				CLANG_CXX_LANGUAGE_STANDARD = "gnu++20";
				CLANG_ENABLE_MODULES = YES;
				CLANG_ENABLE_OBJC_ARC = YES;
				CLANG_ENABLE_OBJC_WEAK = YES;
				CLANG_WARN_BLOCK_CAPTURE_AUTORELEASING = YES;
				CLANG_WARN_BOOL_CONVERSION = YES;
				CLANG_WARN_COMMA = YES;
				CLANG_WARN_CONSTANT_CONVERSION = YES;
				CLANG_WARN_DEPRECATED_OBJC_IMPLEMENTATIONS = YES;
				CLANG_WARN_DIRECT_OBJC_ISA_USAGE = YES_ERROR;
				CLANG_WARN_DOCUMENTATION_COMMENTS = YES;
				CLANG_WARN_EMPTY_BODY = YES;
				CLANG_WARN_ENUM_CONVERSION = YES;
				CLANG_WARN_INFINITE_RECURSION = YES;
				CLANG_WARN_INT_CONVERSION = YES;
				CLANG_WARN_NON_LITERAL_NULL_CONVERSION = YES;
				CLANG_WARN_OBJC_IMPLICIT_RETAIN_SELF = YES;
				CLANG_WARN_OBJC_LITERAL_CONVERSION = YES;
				CLANG_WARN_OBJC_ROOT_CLASS = YES_ERROR;
				CLANG_WARN_QUOTED_INCLUDE_IN_FRAMEWORK_HEADER = YES;
				CLANG_WARN_RANGE_LOOP_ANALYSIS = YES;
				CLANG_WARN_STRICT_PROTOTYPES = YES;
				CLANG_WARN_SUSPICIOUS_MOVE = YES;
				CLANG_WARN_UNGUARDED_AVAILABILITY = YES_AGGRESSIVE;
				CLANG_WARN_UNREACHABLE_CODE = YES;
				CLANG_WARN__DUPLICATE_METHOD_MATCH = YES;
				COPY_PHASE_STRIP = NO;
				DEBUG_INFORMATION_FORMAT = "dwarf-with-dsym";
				ENABLE_NS_ASSERTIONS = NO;
				ENABLE_STRICT_OBJC_MSGSEND = YES;
				ENABLE_USER_SCRIPT_SANDBOXING = YES;
				GCC_C_LANGUAGE_STANDARD = gnu17;
				GCC_NO_COMMON_BLOCKS = YES;
				GCC_WARN_64_TO_32_BIT_CONVERSION = YES;
				GCC_WARN_ABOUT_RETURN_TYPE = YES_ERROR;
				GCC_WARN_UNDECLARED_SELECTOR = YES;
				GCC_WARN_UNINITIALIZED_AUTOS = YES_AGGRESSIVE;
				GCC_WARN_UNUSED_FUNCTION = YES;
				GCC_WARN_UNUSED_VARIABLE = YES;
				IPHONEOS_DEPLOYMENT_TARGET = 17.0;
				LOCALIZATION_PREFERS_STRING_CATALOGS = YES;
				MTL_ENABLE_DEBUG_INFO = NO;
				MTL_FAST_MATH = YES;
				SDKROOT = iphoneos;
				SWIFT_COMPILATION_MODE = wholemodule;
				VALIDATE_PRODUCT = YES;
			};
			name = Release;
		};
		CE9F75AF2AEABD8E00F56AD1 /* Debug */ = {
			isa = XCBuildConfiguration;
			baseConfigurationReference = 0DA1ABDC2BE560C200FA43A4 /* Keys.xcconfig */;
			buildSettings = {
				ASSETCATALOG_COMPILER_APPICON_NAME = AppIcon;
				ASSETCATALOG_COMPILER_GLOBAL_ACCENT_COLOR_NAME = AccentColor;
				CODE_SIGN_STYLE = Automatic;
				CURRENT_PROJECT_VERSION = 1;
				DEVELOPMENT_ASSET_PATHS = "TestApp/Preview\\ Content TestApp/Keys.xcconfig";
				DEVELOPMENT_TEAM = MG92VR2EEW;
				ENABLE_PREVIEWS = YES;
				GENERATE_INFOPLIST_FILE = YES;
				INFOPLIST_FILE = TestApp/Info.plist;
				INFOPLIST_KEY_UIApplicationSceneManifest_Generation = YES;
				INFOPLIST_KEY_UIApplicationSupportsIndirectInputEvents = YES;
				INFOPLIST_KEY_UILaunchScreen_Generation = YES;
				INFOPLIST_KEY_UISupportedInterfaceOrientations_iPad = "UIInterfaceOrientationPortrait UIInterfaceOrientationPortraitUpsideDown UIInterfaceOrientationLandscapeLeft UIInterfaceOrientationLandscapeRight";
				INFOPLIST_KEY_UISupportedInterfaceOrientations_iPhone = "UIInterfaceOrientationPortrait UIInterfaceOrientationLandscapeLeft UIInterfaceOrientationLandscapeRight";
				LD_RUNPATH_SEARCH_PATHS = (
					"$(inherited)",
					"@executable_path/Frameworks",
				);
				MARKETING_VERSION = 1.0;
				PRODUCT_BUNDLE_IDENTIFIER = soch.projectpogoda;
				PRODUCT_NAME = "$(TARGET_NAME)";
				SUPPORTED_PLATFORMS = "iphoneos iphonesimulator";
				SUPPORTS_MACCATALYST = NO;
				SUPPORTS_MAC_DESIGNED_FOR_IPHONE_IPAD = NO;
				SUPPORTS_XR_DESIGNED_FOR_IPHONE_IPAD = NO;
				SWIFT_EMIT_LOC_STRINGS = YES;
				SWIFT_VERSION = 5.0;
				TARGETED_DEVICE_FAMILY = "1,2";
			};
			name = Debug;
		};
		CE9F75B02AEABD8E00F56AD1 /* Release */ = {
			isa = XCBuildConfiguration;
			baseConfigurationReference = 0DA1ABDC2BE560C200FA43A4 /* Keys.xcconfig */;
			buildSettings = {
				ASSETCATALOG_COMPILER_APPICON_NAME = AppIcon;
				ASSETCATALOG_COMPILER_GLOBAL_ACCENT_COLOR_NAME = AccentColor;
				CODE_SIGN_STYLE = Automatic;
				CURRENT_PROJECT_VERSION = 1;
				DEVELOPMENT_ASSET_PATHS = "TestApp/Preview\\ Content TestApp/Keys.xcconfig";
				DEVELOPMENT_TEAM = MG92VR2EEW;
				ENABLE_PREVIEWS = YES;
				GENERATE_INFOPLIST_FILE = YES;
				INFOPLIST_FILE = TestApp/Info.plist;
				INFOPLIST_KEY_UIApplicationSceneManifest_Generation = YES;
				INFOPLIST_KEY_UIApplicationSupportsIndirectInputEvents = YES;
				INFOPLIST_KEY_UILaunchScreen_Generation = YES;
				INFOPLIST_KEY_UISupportedInterfaceOrientations_iPad = "UIInterfaceOrientationPortrait UIInterfaceOrientationPortraitUpsideDown UIInterfaceOrientationLandscapeLeft UIInterfaceOrientationLandscapeRight";
				INFOPLIST_KEY_UISupportedInterfaceOrientations_iPhone = "UIInterfaceOrientationPortrait UIInterfaceOrientationLandscapeLeft UIInterfaceOrientationLandscapeRight";
				LD_RUNPATH_SEARCH_PATHS = (
					"$(inherited)",
					"@executable_path/Frameworks",
				);
				MARKETING_VERSION = 1.0;
				PRODUCT_BUNDLE_IDENTIFIER = soch.projectpogoda;
				PRODUCT_NAME = "$(TARGET_NAME)";
				SUPPORTED_PLATFORMS = "iphoneos iphonesimulator";
				SUPPORTS_MACCATALYST = NO;
				SUPPORTS_MAC_DESIGNED_FOR_IPHONE_IPAD = NO;
				SUPPORTS_XR_DESIGNED_FOR_IPHONE_IPAD = NO;
				SWIFT_EMIT_LOC_STRINGS = YES;
				SWIFT_VERSION = 5.0;
				TARGETED_DEVICE_FAMILY = "1,2";
			};
			name = Release;
		};
		CE9F75B22AEABD8E00F56AD1 /* Debug */ = {
			isa = XCBuildConfiguration;
			baseConfigurationReference = 0DA1ABDC2BE560C200FA43A4 /* Keys.xcconfig */;
			buildSettings = {
				ALWAYS_EMBED_SWIFT_STANDARD_LIBRARIES = YES;
				BUNDLE_LOADER = "$(TEST_HOST)";
				CODE_SIGN_STYLE = Automatic;
				CURRENT_PROJECT_VERSION = 1;
				GENERATE_INFOPLIST_FILE = YES;
				IPHONEOS_DEPLOYMENT_TARGET = 17.0;
				MARKETING_VERSION = 1.0;
				PRODUCT_BUNDLE_IDENTIFIER = homewrk.TestAppTests;
				PRODUCT_NAME = "$(TARGET_NAME)";
				SUPPORTED_PLATFORMS = "iphoneos iphonesimulator";
				SUPPORTS_MACCATALYST = NO;
				SUPPORTS_MAC_DESIGNED_FOR_IPHONE_IPAD = NO;
				SUPPORTS_XR_DESIGNED_FOR_IPHONE_IPAD = NO;
				SWIFT_EMIT_LOC_STRINGS = NO;
				SWIFT_VERSION = 5.0;
				TARGETED_DEVICE_FAMILY = "1,2";
				TEST_HOST = "$(BUILT_PRODUCTS_DIR)/TestApp.app/$(BUNDLE_EXECUTABLE_FOLDER_PATH)/TestApp";
			};
			name = Debug;
		};
		CE9F75B32AEABD8E00F56AD1 /* Release */ = {
			isa = XCBuildConfiguration;
			baseConfigurationReference = 0DA1ABDC2BE560C200FA43A4 /* Keys.xcconfig */;
			buildSettings = {
				ALWAYS_EMBED_SWIFT_STANDARD_LIBRARIES = YES;
				BUNDLE_LOADER = "$(TEST_HOST)";
				CODE_SIGN_STYLE = Automatic;
				CURRENT_PROJECT_VERSION = 1;
				GENERATE_INFOPLIST_FILE = YES;
				IPHONEOS_DEPLOYMENT_TARGET = 17.0;
				MARKETING_VERSION = 1.0;
				PRODUCT_BUNDLE_IDENTIFIER = homewrk.TestAppTests;
				PRODUCT_NAME = "$(TARGET_NAME)";
				SUPPORTED_PLATFORMS = "iphoneos iphonesimulator";
				SUPPORTS_MACCATALYST = NO;
				SUPPORTS_MAC_DESIGNED_FOR_IPHONE_IPAD = NO;
				SUPPORTS_XR_DESIGNED_FOR_IPHONE_IPAD = NO;
				SWIFT_EMIT_LOC_STRINGS = NO;
				SWIFT_VERSION = 5.0;
				TARGETED_DEVICE_FAMILY = "1,2";
				TEST_HOST = "$(BUILT_PRODUCTS_DIR)/TestApp.app/$(BUNDLE_EXECUTABLE_FOLDER_PATH)/TestApp";
			};
			name = Release;
		};
		CE9F75B52AEABD8E00F56AD1 /* Debug */ = {
			isa = XCBuildConfiguration;
			baseConfigurationReference = 0DA1ABDC2BE560C200FA43A4 /* Keys.xcconfig */;
			buildSettings = {
				ALWAYS_EMBED_SWIFT_STANDARD_LIBRARIES = YES;
				CODE_SIGN_STYLE = Automatic;
				CURRENT_PROJECT_VERSION = 1;
				DEVELOPMENT_TEAM = MG92VR2EEW;
				GENERATE_INFOPLIST_FILE = YES;
				MARKETING_VERSION = 1.0;
				PRODUCT_BUNDLE_IDENTIFIER = homewrk.TestAppUITests;
				PRODUCT_NAME = "$(TARGET_NAME)";
				SUPPORTED_PLATFORMS = "iphoneos iphonesimulator";
				SUPPORTS_MACCATALYST = NO;
				SUPPORTS_MAC_DESIGNED_FOR_IPHONE_IPAD = NO;
				SUPPORTS_XR_DESIGNED_FOR_IPHONE_IPAD = NO;
				SWIFT_EMIT_LOC_STRINGS = NO;
				SWIFT_VERSION = 5.0;
				TARGETED_DEVICE_FAMILY = "1,2";
				TEST_TARGET_NAME = TestApp;
			};
			name = Debug;
		};
		CE9F75B62AEABD8E00F56AD1 /* Release */ = {
			isa = XCBuildConfiguration;
			baseConfigurationReference = 0DA1ABDC2BE560C200FA43A4 /* Keys.xcconfig */;
			buildSettings = {
				ALWAYS_EMBED_SWIFT_STANDARD_LIBRARIES = YES;
				CODE_SIGN_STYLE = Automatic;
				CURRENT_PROJECT_VERSION = 1;
				DEVELOPMENT_TEAM = MG92VR2EEW;
				GENERATE_INFOPLIST_FILE = YES;
				MARKETING_VERSION = 1.0;
				PRODUCT_BUNDLE_IDENTIFIER = homewrk.TestAppUITests;
				PRODUCT_NAME = "$(TARGET_NAME)";
				SUPPORTED_PLATFORMS = "iphoneos iphonesimulator";
				SUPPORTS_MACCATALYST = NO;
				SUPPORTS_MAC_DESIGNED_FOR_IPHONE_IPAD = NO;
				SUPPORTS_XR_DESIGNED_FOR_IPHONE_IPAD = NO;
				SWIFT_EMIT_LOC_STRINGS = NO;
				SWIFT_VERSION = 5.0;
				TARGETED_DEVICE_FAMILY = "1,2";
				TEST_TARGET_NAME = TestApp;
			};
			name = Release;
		};
/* End XCBuildConfiguration section */

/* Begin XCConfigurationList section */
		CE9F75852AEABD8B00F56AD1 /* Build configuration list for PBXProject "TestApp" */ = {
			isa = XCConfigurationList;
			buildConfigurations = (
				CE9F75AC2AEABD8E00F56AD1 /* Debug */,
				CE9F75AD2AEABD8E00F56AD1 /* Release */,
			);
			defaultConfigurationIsVisible = 0;
			defaultConfigurationName = Release;
		};
		CE9F75AE2AEABD8E00F56AD1 /* Build configuration list for PBXNativeTarget "TestApp" */ = {
			isa = XCConfigurationList;
			buildConfigurations = (
				CE9F75AF2AEABD8E00F56AD1 /* Debug */,
				CE9F75B02AEABD8E00F56AD1 /* Release */,
			);
			defaultConfigurationIsVisible = 0;
			defaultConfigurationName = Release;
		};
		CE9F75B12AEABD8E00F56AD1 /* Build configuration list for PBXNativeTarget "TestAppTests" */ = {
			isa = XCConfigurationList;
			buildConfigurations = (
				CE9F75B22AEABD8E00F56AD1 /* Debug */,
				CE9F75B32AEABD8E00F56AD1 /* Release */,
			);
			defaultConfigurationIsVisible = 0;
			defaultConfigurationName = Release;
		};
		CE9F75B42AEABD8E00F56AD1 /* Build configuration list for PBXNativeTarget "TestAppUITests" */ = {
			isa = XCConfigurationList;
			buildConfigurations = (
				CE9F75B52AEABD8E00F56AD1 /* Debug */,
				CE9F75B62AEABD8E00F56AD1 /* Release */,
			);
			defaultConfigurationIsVisible = 0;
			defaultConfigurationName = Release;
		};
/* End XCConfigurationList section */
	};
	rootObject = CE9F75822AEABD8B00F56AD1 /* Project object */;
}
